
Microsoft Visual Studio Solution File, Format Version 12.00
# Visual Studio Version 16
VisualStudioVersion = 16.0.28803.452
MinimumVisualStudioVersion = 10.0.40219.1
Project("{FAE04EC0-301F-11D3-BF4B-00C04F79EFBC}") = "GlowingBrakes", "GlowingBrakes\GlowingBrakes.csproj", "{98F5D9F8-B4D7-4F11-9DA5-D9DA13B8197D}"
EndProject
Global
	GlobalSection(SolutionConfigurationPlatforms) = preSolution
		Debug|Any CPU = Debug|Any CPU
		Release|Any CPU = Release|Any CPU
	EndGlobalSection
	GlobalSection(ProjectConfigurationPlatforms) = postSolution
		{98F5D9F8-B4D7-4F11-9DA5-D9DA13B8197D}.Debug|Any CPU.ActiveCfg = Debug|Any CPU
		{98F5D9F8-B4D7-4F11-9DA5-D9DA13B8197D}.Debug|Any CPU.Build.0 = Debug|Any CPU
		{98F5D9F8-B4D7-4F11-9DA5-D9DA13B8197D}.Release|Any CPU.ActiveCfg = Release|Any CPU
		{98F5D9F8-B4D7-4F11-9DA5-D9DA13B8197D}.Release|Any CPU.Build.0 = Release|Any CPU
	EndGlobalSection
	GlobalSection(SolutionProperties) = preSolution
		HideSolutionNode = FALSE
	EndGlobalSection
	GlobalSection(ExtensibilityGlobals) = postSolution
		SolutionGuid = {EA989E6A-8ED3-4DF0-B0FD-CD26631E2820}
	EndGlobalSection
EndGlobal
